# Generated by pub
# See https://dart.dev/tools/pub/glossary#lockfile
packages:
  async:
    dependency: transitive
    description:
      name: async
      url: "https://pub.dartlang.org"
    source: hosted
    version: "2.8.2"
  boolean_selector:
    dependency: transitive
    description:
      name: boolean_selector
      url: "https://pub.dartlang.org"
    source: hosted
    version: "2.1.0"
  characters:
    dependency: transitive
    description:
      name: characters
      url: "https://pub.dartlang.org"
    source: hosted
    version: "1.2.0"
  charcode:
    dependency: transitive
    description:
      name: charcode
      url: "https://pub.dartlang.org"
    source: hosted
    version: "1.3.1"
  clock:
    dependency: transitive
    description:
      name: clock
      url: "https://pub.dartlang.org"
    source: hosted
    version: "1.1.0"
  collection:
    dependency: transitive
    description:
      name: collection
      url: "https://pub.dartlang.org"
    source: hosted
    version: "1.16.0"
  common_dependencies:
    dependency: transitive
    description:
      path: "."
      ref: "v1.0.0"
      resolved-ref: "48c1c668de9f662229ec325984e1dcfbec87872e"
      url: "https://github.com/guiqmaia/common_dependencies.git"
    source: git
    version: "0.0.1"
  cupertino_icons:
    dependency: "direct main"
    description:
      name: cupertino_icons
      url: "https://pub.dartlang.org"
    source: hosted
    version: "1.0.5"
  design_system:
    dependency: transitive
    description:
      path: "."
      ref: "v1.0.0"
      resolved-ref: fec80bde69b2a4c44d906f26579f354a00e038d5
      url: "https://github.com/guiqmaia/design_system.git"
    source: git
    version: "0.0.1"
  dio:
    dependency: transitive
    description:
      name: dio
      url: "https://pub.dartlang.org"
    source: hosted
    version: "4.0.6"
  email_validator:
    dependency: transitive
    description:
      name: email_validator
      url: "https://pub.dartlang.org"
    source: hosted
    version: "2.1.17"
  fake_async:
    dependency: transitive
    description:
      name: fake_async
      url: "https://pub.dartlang.org"
    source: hosted
    version: "1.3.0"
  flutter:
    dependency: "direct main"
    description: flutter
    source: sdk
    version: "0.0.0"
  flutter_hooks:
    dependency: transitive
    description:
      name: flutter_hooks
      url: "https://pub.dartlang.org"
    source: hosted
    version: "0.18.5+1"
  flutter_lints:
    dependency: "direct dev"
    description:
      name: flutter_lints
      url: "https://pub.dartlang.org"
    source: hosted
    version: "2.0.1"
  flutter_riverpod:
    dependency: transitive
    description:
      name: flutter_riverpod
      url: "https://pub.dartlang.org"
    source: hosted
    version: "1.0.4"
  flutter_test:
    dependency: "direct dev"
    description: flutter
    source: sdk
    version: "0.0.0"
  hooks_riverpod:
    dependency: transitive
    description:
      name: hooks_riverpod
      url: "https://pub.dartlang.org"
    source: hosted
    version: "1.0.4"
  http_parser:
    dependency: transitive
    description:
      name: http_parser
      url: "https://pub.dartlang.org"
    source: hosted
    version: "4.0.1"
  lints:
    dependency: transitive
    description:
      name: lints
      url: "https://pub.dartlang.org"
    source: hosted
    version: "2.0.0"
  matcher:
    dependency: transitive
    description:
      name: matcher
      url: "https://pub.dartlang.org"
    source: hosted
    version: "0.12.11"
  material_color_utilities:
    dependency: transitive
    description:
      name: material_color_utilities
      url: "https://pub.dartlang.org"
    source: hosted
    version: "0.1.4"
  meta:
    dependency: transitive
    description:
      name: meta
      url: "https://pub.dartlang.org"
    source: hosted
    version: "1.7.0"
  micro_app_home:
    dependency: "direct main"
    description:
      path: "."
      ref: "v1.0.4"
      resolved-ref: fac5ca11b3e5208e0d58e3f459d0c7bc994ccabd
      url: "https://github.com/guiqmaia/micro_app_home.git"
    source: git
    version: "0.0.1"
  micro_app_login:
    dependency: "direct main"
    description:
      path: "."
      ref: "v1.0.8"
      resolved-ref: "7d00832d90e279a26362d0f6a98700f371e54641"
      url: "https://github.com/guiqmaia/micro_app_login.git"
    source: git
    version: "0.0.1"
  micro_app_stocks:
    dependency: "direct main"
    description:
      path: "."
      ref: "v1.0.2"
      resolved-ref: "4efc8f8fd70797556232004365d8fdcc2ab90855"
      url: "https://github.com/guiqmaia/micro_app_stocks.git"
    source: git
    version: "0.0.1"
  micro_core:
    dependency: "direct main"
    description:
      path: "."
      ref: "v1.0.3"
      resolved-ref: "47af8d725419fc340fe0b953fab142e5cc4b0290"
      url: "https://github.com/guiqmaia/micro_core.git"
    source: git
    version: "0.0.1"
  path:
    dependency: transitive
    description:
      name: path
      url: "https://pub.dartlang.org"
    source: hosted
    version: "1.8.1"
  riverpod:
    dependency: transitive
    description:
      name: riverpod
      url: "https://pub.dartlang.org"
    source: hosted
    version: "1.0.3"
  shimmer:
    dependency: transitive
    description:
      name: shimmer
      url: "https://pub.dartlang.org"
    source: hosted
    version: "2.0.0"
  sky_engine:
    dependency: transitive
    description: flutter
    source: sdk
    version: "0.0.99"
  source_span:
    dependency: transitive
    description:
      name: source_span
      url: "https://pub.dartlang.org"
    source: hosted
    version: "1.8.2"
  stack_trace:
    dependency: transitive
    description:
      name: stack_trace
      url: "https://pub.dartlang.org"
    source: hosted
    version: "1.10.0"
  state_notifier:
    dependency: transitive
    description:
      name: state_notifier
      url: "https://pub.dartlang.org"
    source: hosted
    version: "0.7.2+1"
  stream_channel:
    dependency: transitive
    description:
      name: stream_channel
      url: "https://pub.dartlang.org"
    source: hosted
    version: "2.1.0"
  string_scanner:
    dependency: transitive
    description:
      name: string_scanner
      url: "https://pub.dartlang.org"
    source: hosted
    version: "1.1.0"
  term_glyph:
    dependency: transitive
    description:
      name: term_glyph
      url: "https://pub.dartlang.org"
    source: hosted
    version: "1.2.0"
  test_api:
    dependency: transitive
    description:
      name: test_api
      url: "https://pub.dartlang.org"
    source: hosted
    version: "0.4.9"
  typed_data:
    dependency: transitive
    description:
      name: typed_data
      url: "https://pub.dartlang.org"
    source: hosted
    version: "1.3.1"
  vector_math:
    dependency: transitive
    description:
      name: vector_math
      url: "https://pub.dartlang.org"
    source: hosted
    version: "2.1.2"
sdks:
  dart: ">=2.17.6 <3.0.0"
  flutter: ">=3.0.0"
